
Microsoft Visual Studio Solution File, Format Version 12.00
# Visual Studio Version 17
VisualStudioVersion = 17.7.34031.279
MinimumVisualStudioVersion = 10.0.40219.1
Project("{FAE04EC0-301F-11D3-BF4B-00C04F79EFBC}") = "216-gethashcode-equals", "216-gethashcode-equals.csproj", "{0674081E-1376-4081-9BD8-60D69E6E7BA6}"
EndProject
Global
	GlobalSection(SolutionConfigurationPlatforms) = preSolution
		Debug|Any CPU = Debug|Any CPU
		Release|Any CPU = Release|Any CPU
	EndGlobalSection
	GlobalSection(ProjectConfigurationPlatforms) = postSolution
		{0674081E-1376-4081-9BD8-60D69E6E7BA6}.Debug|Any CPU.ActiveCfg = Debug|Any CPU
		{0674081E-1376-4081-9BD8-60D69E6E7BA6}.Debug|Any CPU.Build.0 = Debug|Any CPU
		{0674081E-1376-4081-9BD8-60D69E6E7BA6}.Release|Any CPU.ActiveCfg = Release|Any CPU
		{0674081E-1376-4081-9BD8-60D69E6E7BA6}.Release|Any CPU.Build.0 = Release|Any CPU
	EndGlobalSection
	GlobalSection(SolutionProperties) = preSolution
		HideSolutionNode = FALSE
	EndGlobalSection
	GlobalSection(ExtensibilityGlobals) = postSolution
		SolutionGuid = {BEDA5412-C662-4137-BAD9-18CCE9C3D64C}
	EndGlobalSection
EndGlobal
