
Microsoft Visual Studio Solution File, Format Version 12.00
# Visual Studio Version 17
VisualStudioVersion = 17.7.34009.444
MinimumVisualStudioVersion = 10.0.40219.1
Project("{FAE04EC0-301F-11D3-BF4B-00C04F79EFBC}") = "73-modificadores-parametros-ref-out", "73-modificadores-parametros-ref-out.csproj", "{7E82A4E5-B464-4847-AE7A-DBC7E7E9EBF3}"
EndProject
Global
	GlobalSection(SolutionConfigurationPlatforms) = preSolution
		Debug|Any CPU = Debug|Any CPU
		Release|Any CPU = Release|Any CPU
	EndGlobalSection
	GlobalSection(ProjectConfigurationPlatforms) = postSolution
		{7E82A4E5-B464-4847-AE7A-DBC7E7E9EBF3}.Debug|Any CPU.ActiveCfg = Debug|Any CPU
		{7E82A4E5-B464-4847-AE7A-DBC7E7E9EBF3}.Debug|Any CPU.Build.0 = Debug|Any CPU
		{7E82A4E5-B464-4847-AE7A-DBC7E7E9EBF3}.Release|Any CPU.ActiveCfg = Release|Any CPU
		{7E82A4E5-B464-4847-AE7A-DBC7E7E9EBF3}.Release|Any CPU.Build.0 = Release|Any CPU
	EndGlobalSection
	GlobalSection(SolutionProperties) = preSolution
		HideSolutionNode = FALSE
	EndGlobalSection
	GlobalSection(ExtensibilityGlobals) = postSolution
		SolutionGuid = {60EEA88A-587C-4767-8818-7F76485AC169}
	EndGlobalSection
EndGlobal
