
Microsoft Visual Studio Solution File, Format Version 12.00
# Visual Studio Version 17
VisualStudioVersion = 17.7.34031.279
MinimumVisualStudioVersion = 10.0.40219.1
Project("{FAE04EC0-301F-11D3-BF4B-00C04F79EFBC}") = "223-exercicio", "223-exercicio.csproj", "{6B36FD90-A6B2-45DE-A696-BE0EF23D42BC}"
EndProject
Global
	GlobalSection(SolutionConfigurationPlatforms) = preSolution
		Debug|Any CPU = Debug|Any CPU
		Release|Any CPU = Release|Any CPU
	EndGlobalSection
	GlobalSection(ProjectConfigurationPlatforms) = postSolution
		{6B36FD90-A6B2-45DE-A696-BE0EF23D42BC}.Debug|Any CPU.ActiveCfg = Debug|Any CPU
		{6B36FD90-A6B2-45DE-A696-BE0EF23D42BC}.Debug|Any CPU.Build.0 = Debug|Any CPU
		{6B36FD90-A6B2-45DE-A696-BE0EF23D42BC}.Release|Any CPU.ActiveCfg = Release|Any CPU
		{6B36FD90-A6B2-45DE-A696-BE0EF23D42BC}.Release|Any CPU.Build.0 = Release|Any CPU
	EndGlobalSection
	GlobalSection(SolutionProperties) = preSolution
		HideSolutionNode = FALSE
	EndGlobalSection
	GlobalSection(ExtensibilityGlobals) = postSolution
		SolutionGuid = {34E2074B-2861-47AF-A000-A5B3E97C97DE}
	EndGlobalSection
EndGlobal
