
Microsoft Visual Studio Solution File, Format Version 12.00
# Visual Studio Version 17
VisualStudioVersion = 17.7.34009.444
MinimumVisualStudioVersion = 10.0.40219.1
Project("{FAE04EC0-301F-11D3-BF4B-00C04F79EFBC}") = "87-expressao-condicional-ternaria", "87-expressao-condicional-ternaria.csproj", "{136C64BC-30EF-4714-B90B-724DA8133FE6}"
EndProject
Global
	GlobalSection(SolutionConfigurationPlatforms) = preSolution
		Debug|Any CPU = Debug|Any CPU
		Release|Any CPU = Release|Any CPU
	EndGlobalSection
	GlobalSection(ProjectConfigurationPlatforms) = postSolution
		{136C64BC-30EF-4714-B90B-724DA8133FE6}.Debug|Any CPU.ActiveCfg = Debug|Any CPU
		{136C64BC-30EF-4714-B90B-724DA8133FE6}.Debug|Any CPU.Build.0 = Debug|Any CPU
		{136C64BC-30EF-4714-B90B-724DA8133FE6}.Release|Any CPU.ActiveCfg = Release|Any CPU
		{136C64BC-30EF-4714-B90B-724DA8133FE6}.Release|Any CPU.Build.0 = Release|Any CPU
	EndGlobalSection
	GlobalSection(SolutionProperties) = preSolution
		HideSolutionNode = FALSE
	EndGlobalSection
	GlobalSection(ExtensibilityGlobals) = postSolution
		SolutionGuid = {DDA4A2A7-2B9B-40C2-8CE9-A749E162AAF5}
	EndGlobalSection
EndGlobal
