
Microsoft Visual Studio Solution File, Format Version 12.00
# Visual Studio Version 17
VisualStudioVersion = 17.7.34031.279
MinimumVisualStudioVersion = 10.0.40219.1
Project("{FAE04EC0-301F-11D3-BF4B-00C04F79EFBC}") = "137-sobreposicao-virtual-override-base", "137-sobreposicao-virtual-override-base.csproj", "{D836467D-C9A7-40D2-B5B9-E23D6802AA75}"
EndProject
Global
	GlobalSection(SolutionConfigurationPlatforms) = preSolution
		Debug|Any CPU = Debug|Any CPU
		Release|Any CPU = Release|Any CPU
	EndGlobalSection
	GlobalSection(ProjectConfigurationPlatforms) = postSolution
		{D836467D-C9A7-40D2-B5B9-E23D6802AA75}.Debug|Any CPU.ActiveCfg = Debug|Any CPU
		{D836467D-C9A7-40D2-B5B9-E23D6802AA75}.Debug|Any CPU.Build.0 = Debug|Any CPU
		{D836467D-C9A7-40D2-B5B9-E23D6802AA75}.Release|Any CPU.ActiveCfg = Release|Any CPU
		{D836467D-C9A7-40D2-B5B9-E23D6802AA75}.Release|Any CPU.Build.0 = Release|Any CPU
	EndGlobalSection
	GlobalSection(SolutionProperties) = preSolution
		HideSolutionNode = FALSE
	EndGlobalSection
	GlobalSection(ExtensibilityGlobals) = postSolution
		SolutionGuid = {66AA1C2F-9181-40A5-A278-AC7C6415B685}
	EndGlobalSection
EndGlobal
