
Microsoft Visual Studio Solution File, Format Version 12.00
# Visual Studio Version 17
VisualStudioVersion = 17.7.34031.279
MinimumVisualStudioVersion = 10.0.40219.1
Project("{FAE04EC0-301F-11D3-BF4B-00C04F79EFBC}") = "226-extension-methods", "226-extension-methods.csproj", "{23BAEC3D-BB23-4D9E-9BAE-2ABC99249A16}"
EndProject
Global
	GlobalSection(SolutionConfigurationPlatforms) = preSolution
		Debug|Any CPU = Debug|Any CPU
		Release|Any CPU = Release|Any CPU
	EndGlobalSection
	GlobalSection(ProjectConfigurationPlatforms) = postSolution
		{23BAEC3D-BB23-4D9E-9BAE-2ABC99249A16}.Debug|Any CPU.ActiveCfg = Debug|Any CPU
		{23BAEC3D-BB23-4D9E-9BAE-2ABC99249A16}.Debug|Any CPU.Build.0 = Debug|Any CPU
		{23BAEC3D-BB23-4D9E-9BAE-2ABC99249A16}.Release|Any CPU.ActiveCfg = Release|Any CPU
		{23BAEC3D-BB23-4D9E-9BAE-2ABC99249A16}.Release|Any CPU.Build.0 = Release|Any CPU
	EndGlobalSection
	GlobalSection(SolutionProperties) = preSolution
		HideSolutionNode = FALSE
	EndGlobalSection
	GlobalSection(ExtensibilityGlobals) = postSolution
		SolutionGuid = {A938D2F8-CE99-4C3E-8923-6FF0117F8C83}
	EndGlobalSection
EndGlobal
