
Microsoft Visual Studio Solution File, Format Version 12.00
# Visual Studio Version 17
VisualStudioVersion = 17.7.34003.232
MinimumVisualStudioVersion = 10.0.40219.1
Project("{FAE04EC0-301F-11D3-BF4B-00C04F79EFBC}") = "52-sobrecarga", "52-sobrecarga.csproj", "{27A2A2E6-D9B9-467D-B7F9-41967662EDEE}"
EndProject
Global
	GlobalSection(SolutionConfigurationPlatforms) = preSolution
		Debug|Any CPU = Debug|Any CPU
		Release|Any CPU = Release|Any CPU
	EndGlobalSection
	GlobalSection(ProjectConfigurationPlatforms) = postSolution
		{27A2A2E6-D9B9-467D-B7F9-41967662EDEE}.Debug|Any CPU.ActiveCfg = Debug|Any CPU
		{27A2A2E6-D9B9-467D-B7F9-41967662EDEE}.Debug|Any CPU.Build.0 = Debug|Any CPU
		{27A2A2E6-D9B9-467D-B7F9-41967662EDEE}.Release|Any CPU.ActiveCfg = Release|Any CPU
		{27A2A2E6-D9B9-467D-B7F9-41967662EDEE}.Release|Any CPU.Build.0 = Release|Any CPU
	EndGlobalSection
	GlobalSection(SolutionProperties) = preSolution
		HideSolutionNode = FALSE
	EndGlobalSection
	GlobalSection(ExtensibilityGlobals) = postSolution
		SolutionGuid = {D3BB7B2F-C700-425C-AB64-BC210C4C7D57}
	EndGlobalSection
EndGlobal
