
Microsoft Visual Studio Solution File, Format Version 12.00
# Visual Studio Version 17
VisualStudioVersion = 17.7.34202.233
MinimumVisualStudioVersion = 10.0.40219.1
Project("{FAE04EC0-301F-11D3-BF4B-00C04F79EFBC}") = "235-introducao-linq", "235-introducao-linq.csproj", "{3A59F52D-A4B3-4CE0-A4A4-11E6FDC6B31B}"
EndProject
Global
	GlobalSection(SolutionConfigurationPlatforms) = preSolution
		Debug|Any CPU = Debug|Any CPU
		Release|Any CPU = Release|Any CPU
	EndGlobalSection
	GlobalSection(ProjectConfigurationPlatforms) = postSolution
		{3A59F52D-A4B3-4CE0-A4A4-11E6FDC6B31B}.Debug|Any CPU.ActiveCfg = Debug|Any CPU
		{3A59F52D-A4B3-4CE0-A4A4-11E6FDC6B31B}.Debug|Any CPU.Build.0 = Debug|Any CPU
		{3A59F52D-A4B3-4CE0-A4A4-11E6FDC6B31B}.Release|Any CPU.ActiveCfg = Release|Any CPU
		{3A59F52D-A4B3-4CE0-A4A4-11E6FDC6B31B}.Release|Any CPU.Build.0 = Release|Any CPU
	EndGlobalSection
	GlobalSection(SolutionProperties) = preSolution
		HideSolutionNode = FALSE
	EndGlobalSection
	GlobalSection(ExtensibilityGlobals) = postSolution
		SolutionGuid = {69356086-8061-44F6-B56B-AECD1352360F}
	EndGlobalSection
EndGlobal
