
Microsoft Visual Studio Solution File, Format Version 12.00
# Visual Studio Version 17
VisualStudioVersion = 17.7.34031.279
MinimumVisualStudioVersion = 10.0.40219.1
Project("{FAE04EC0-301F-11D3-BF4B-00C04F79EFBC}") = "143-classes-abstratas", "143-classes-abstratas.csproj", "{171EE317-5E54-4CFD-8B86-C0E295DEEA2C}"
EndProject
Global
	GlobalSection(SolutionConfigurationPlatforms) = preSolution
		Debug|Any CPU = Debug|Any CPU
		Release|Any CPU = Release|Any CPU
	EndGlobalSection
	GlobalSection(ProjectConfigurationPlatforms) = postSolution
		{171EE317-5E54-4CFD-8B86-C0E295DEEA2C}.Debug|Any CPU.ActiveCfg = Debug|Any CPU
		{171EE317-5E54-4CFD-8B86-C0E295DEEA2C}.Debug|Any CPU.Build.0 = Debug|Any CPU
		{171EE317-5E54-4CFD-8B86-C0E295DEEA2C}.Release|Any CPU.ActiveCfg = Release|Any CPU
		{171EE317-5E54-4CFD-8B86-C0E295DEEA2C}.Release|Any CPU.Build.0 = Release|Any CPU
	EndGlobalSection
	GlobalSection(SolutionProperties) = preSolution
		HideSolutionNode = FALSE
	EndGlobalSection
	GlobalSection(ExtensibilityGlobals) = postSolution
		SolutionGuid = {5963D422-D4D7-4393-8E24-1952152D6FD7}
	EndGlobalSection
EndGlobal
