
Microsoft Visual Studio Solution File, Format Version 12.00
# Visual Studio Version 17
VisualStudioVersion = 17.7.34031.279
MinimumVisualStudioVersion = 10.0.40219.1
Project("{FAE04EC0-301F-11D3-BF4B-00C04F79EFBC}") = "214-generics", "214-generics.csproj", "{EA4C72CE-7E60-4C36-AEDB-F7A59264A95A}"
EndProject
Global
	GlobalSection(SolutionConfigurationPlatforms) = preSolution
		Debug|Any CPU = Debug|Any CPU
		Release|Any CPU = Release|Any CPU
	EndGlobalSection
	GlobalSection(ProjectConfigurationPlatforms) = postSolution
		{EA4C72CE-7E60-4C36-AEDB-F7A59264A95A}.Debug|Any CPU.ActiveCfg = Debug|Any CPU
		{EA4C72CE-7E60-4C36-AEDB-F7A59264A95A}.Debug|Any CPU.Build.0 = Debug|Any CPU
		{EA4C72CE-7E60-4C36-AEDB-F7A59264A95A}.Release|Any CPU.ActiveCfg = Release|Any CPU
		{EA4C72CE-7E60-4C36-AEDB-F7A59264A95A}.Release|Any CPU.Build.0 = Release|Any CPU
	EndGlobalSection
	GlobalSection(SolutionProperties) = preSolution
		HideSolutionNode = FALSE
	EndGlobalSection
	GlobalSection(ExtensibilityGlobals) = postSolution
		SolutionGuid = {30CA8A33-5945-4520-B970-B622582EF60D}
	EndGlobalSection
EndGlobal
