
Microsoft Visual Studio Solution File, Format Version 12.00
# Visual Studio Version 17
VisualStudioVersion = 17.7.34009.444
MinimumVisualStudioVersion = 10.0.40219.1
Project("{FAE04EC0-301F-11D3-BF4B-00C04F79EFBC}") = "81-exercicio-matrizes", "81-exercicio-matrizes.csproj", "{7DEA1F06-DBD7-457E-B4C4-A32E9DACB52F}"
EndProject
Global
	GlobalSection(SolutionConfigurationPlatforms) = preSolution
		Debug|Any CPU = Debug|Any CPU
		Release|Any CPU = Release|Any CPU
	EndGlobalSection
	GlobalSection(ProjectConfigurationPlatforms) = postSolution
		{7DEA1F06-DBD7-457E-B4C4-A32E9DACB52F}.Debug|Any CPU.ActiveCfg = Debug|Any CPU
		{7DEA1F06-DBD7-457E-B4C4-A32E9DACB52F}.Debug|Any CPU.Build.0 = Debug|Any CPU
		{7DEA1F06-DBD7-457E-B4C4-A32E9DACB52F}.Release|Any CPU.ActiveCfg = Release|Any CPU
		{7DEA1F06-DBD7-457E-B4C4-A32E9DACB52F}.Release|Any CPU.Build.0 = Release|Any CPU
	EndGlobalSection
	GlobalSection(SolutionProperties) = preSolution
		HideSolutionNode = FALSE
	EndGlobalSection
	GlobalSection(ExtensibilityGlobals) = postSolution
		SolutionGuid = {AC67EBEE-2189-4E12-9000-994659205655}
	EndGlobalSection
EndGlobal
