
Microsoft Visual Studio Solution File, Format Version 12.00
# Visual Studio Version 17
VisualStudioVersion = 17.7.34031.279
MinimumVisualStudioVersion = 10.0.40219.1
Project("{FAE04EC0-301F-11D3-BF4B-00C04F79EFBC}") = "138-classes-metodos-selados", "138-classes-metodos-selados.csproj", "{BC4DA707-1DC8-41C2-9B19-91AB61DBFB01}"
EndProject
Global
	GlobalSection(SolutionConfigurationPlatforms) = preSolution
		Debug|Any CPU = Debug|Any CPU
		Release|Any CPU = Release|Any CPU
	EndGlobalSection
	GlobalSection(ProjectConfigurationPlatforms) = postSolution
		{BC4DA707-1DC8-41C2-9B19-91AB61DBFB01}.Debug|Any CPU.ActiveCfg = Debug|Any CPU
		{BC4DA707-1DC8-41C2-9B19-91AB61DBFB01}.Debug|Any CPU.Build.0 = Debug|Any CPU
		{BC4DA707-1DC8-41C2-9B19-91AB61DBFB01}.Release|Any CPU.ActiveCfg = Release|Any CPU
		{BC4DA707-1DC8-41C2-9B19-91AB61DBFB01}.Release|Any CPU.Build.0 = Release|Any CPU
	EndGlobalSection
	GlobalSection(SolutionProperties) = preSolution
		HideSolutionNode = FALSE
	EndGlobalSection
	GlobalSection(ExtensibilityGlobals) = postSolution
		SolutionGuid = {78422283-FFC7-465C-9A61-CAFF79F7DEC3}
	EndGlobalSection
EndGlobal
