
Microsoft Visual Studio Solution File, Format Version 12.00
# Visual Studio Version 17
VisualStudioVersion = 17.7.34003.232
MinimumVisualStudioVersion = 10.0.40219.1
Project("{FAE04EC0-301F-11D3-BF4B-00C04F79EFBC}") = "47-membros-estaticos-parte-2", "47-membros-estaticos-parte-2.csproj", "{A0B9BB4D-4AAB-465D-BBB4-BCE207434DD0}"
EndProject
Global
	GlobalSection(SolutionConfigurationPlatforms) = preSolution
		Debug|Any CPU = Debug|Any CPU
		Release|Any CPU = Release|Any CPU
	EndGlobalSection
	GlobalSection(ProjectConfigurationPlatforms) = postSolution
		{A0B9BB4D-4AAB-465D-BBB4-BCE207434DD0}.Debug|Any CPU.ActiveCfg = Debug|Any CPU
		{A0B9BB4D-4AAB-465D-BBB4-BCE207434DD0}.Debug|Any CPU.Build.0 = Debug|Any CPU
		{A0B9BB4D-4AAB-465D-BBB4-BCE207434DD0}.Release|Any CPU.ActiveCfg = Release|Any CPU
		{A0B9BB4D-4AAB-465D-BBB4-BCE207434DD0}.Release|Any CPU.Build.0 = Release|Any CPU
	EndGlobalSection
	GlobalSection(SolutionProperties) = preSolution
		HideSolutionNode = FALSE
	EndGlobalSection
	GlobalSection(ExtensibilityGlobals) = postSolution
		SolutionGuid = {98EF3B07-1525-47FD-9B72-A1E6207F2175}
	EndGlobalSection
EndGlobal
