
Microsoft Visual Studio Solution File, Format Version 12.00
# Visual Studio Version 17
VisualStudioVersion = 17.7.34003.232
MinimumVisualStudioVersion = 10.0.40219.1
Project("{FAE04EC0-301F-11D3-BF4B-00C04F79EFBC}") = "46-membros-estaticos-parte-1", "46-membros-estaticos-parte-1.csproj", "{0D7A2E6E-6098-4564-8D0E-8553080B702F}"
EndProject
Global
	GlobalSection(SolutionConfigurationPlatforms) = preSolution
		Debug|Any CPU = Debug|Any CPU
		Release|Any CPU = Release|Any CPU
	EndGlobalSection
	GlobalSection(ProjectConfigurationPlatforms) = postSolution
		{0D7A2E6E-6098-4564-8D0E-8553080B702F}.Debug|Any CPU.ActiveCfg = Debug|Any CPU
		{0D7A2E6E-6098-4564-8D0E-8553080B702F}.Debug|Any CPU.Build.0 = Debug|Any CPU
		{0D7A2E6E-6098-4564-8D0E-8553080B702F}.Release|Any CPU.ActiveCfg = Release|Any CPU
		{0D7A2E6E-6098-4564-8D0E-8553080B702F}.Release|Any CPU.Build.0 = Release|Any CPU
	EndGlobalSection
	GlobalSection(SolutionProperties) = preSolution
		HideSolutionNode = FALSE
	EndGlobalSection
	GlobalSection(ExtensibilityGlobals) = postSolution
		SolutionGuid = {9BC66048-437F-48FF-81CF-373AE85F42B4}
	EndGlobalSection
EndGlobal
