
Microsoft Visual Studio Solution File, Format Version 12.00
# Visual Studio Version 17
VisualStudioVersion = 17.7.34031.279
MinimumVisualStudioVersion = 10.0.40219.1
Project("{FAE04EC0-301F-11D3-BF4B-00C04F79EFBC}") = "218-hashset-sortedset", "218-hashset-sortedset.csproj", "{74D6D4C8-1824-4002-95EA-48BBDA47A61A}"
EndProject
Global
	GlobalSection(SolutionConfigurationPlatforms) = preSolution
		Debug|Any CPU = Debug|Any CPU
		Release|Any CPU = Release|Any CPU
	EndGlobalSection
	GlobalSection(ProjectConfigurationPlatforms) = postSolution
		{74D6D4C8-1824-4002-95EA-48BBDA47A61A}.Debug|Any CPU.ActiveCfg = Debug|Any CPU
		{74D6D4C8-1824-4002-95EA-48BBDA47A61A}.Debug|Any CPU.Build.0 = Debug|Any CPU
		{74D6D4C8-1824-4002-95EA-48BBDA47A61A}.Release|Any CPU.ActiveCfg = Release|Any CPU
		{74D6D4C8-1824-4002-95EA-48BBDA47A61A}.Release|Any CPU.Build.0 = Release|Any CPU
	EndGlobalSection
	GlobalSection(SolutionProperties) = preSolution
		HideSolutionNode = FALSE
	EndGlobalSection
	GlobalSection(ExtensibilityGlobals) = postSolution
		SolutionGuid = {87DC398D-FAA0-4021-B10D-97C6CB68552F}
	EndGlobalSection
EndGlobal
