
Microsoft Visual Studio Solution File, Format Version 12.00
# Visual Studio Version 17
VisualStudioVersion = 17.7.34202.233
MinimumVisualStudioVersion = 10.0.40219.1
Project("{FAE04EC0-301F-11D3-BF4B-00C04F79EFBC}") = "242-exercicio-fixacao", "242-exercicio-fixacao.csproj", "{C844D901-850A-452D-B2C1-75C8EF0C4AA6}"
EndProject
Global
	GlobalSection(SolutionConfigurationPlatforms) = preSolution
		Debug|Any CPU = Debug|Any CPU
		Release|Any CPU = Release|Any CPU
	EndGlobalSection
	GlobalSection(ProjectConfigurationPlatforms) = postSolution
		{C844D901-850A-452D-B2C1-75C8EF0C4AA6}.Debug|Any CPU.ActiveCfg = Debug|Any CPU
		{C844D901-850A-452D-B2C1-75C8EF0C4AA6}.Debug|Any CPU.Build.0 = Debug|Any CPU
		{C844D901-850A-452D-B2C1-75C8EF0C4AA6}.Release|Any CPU.ActiveCfg = Release|Any CPU
		{C844D901-850A-452D-B2C1-75C8EF0C4AA6}.Release|Any CPU.Build.0 = Release|Any CPU
	EndGlobalSection
	GlobalSection(SolutionProperties) = preSolution
		HideSolutionNode = FALSE
	EndGlobalSection
	GlobalSection(ExtensibilityGlobals) = postSolution
		SolutionGuid = {EB0C3093-2FD6-4666-BA83-B6E0DD586754}
	EndGlobalSection
EndGlobal
