
Microsoft Visual Studio Solution File, Format Version 12.00
# Visual Studio Version 17
VisualStudioVersion = 17.7.34009.444
MinimumVisualStudioVersion = 10.0.40219.1
Project("{FAE04EC0-301F-11D3-BF4B-00C04F79EFBC}") = "60-exercicio", "60-exercicio.csproj", "{32B72648-995F-42A6-B7EA-3F5D6B5E43FB}"
EndProject
Global
	GlobalSection(SolutionConfigurationPlatforms) = preSolution
		Debug|Any CPU = Debug|Any CPU
		Release|Any CPU = Release|Any CPU
	EndGlobalSection
	GlobalSection(ProjectConfigurationPlatforms) = postSolution
		{32B72648-995F-42A6-B7EA-3F5D6B5E43FB}.Debug|Any CPU.ActiveCfg = Debug|Any CPU
		{32B72648-995F-42A6-B7EA-3F5D6B5E43FB}.Debug|Any CPU.Build.0 = Debug|Any CPU
		{32B72648-995F-42A6-B7EA-3F5D6B5E43FB}.Release|Any CPU.ActiveCfg = Release|Any CPU
		{32B72648-995F-42A6-B7EA-3F5D6B5E43FB}.Release|Any CPU.Build.0 = Release|Any CPU
	EndGlobalSection
	GlobalSection(SolutionProperties) = preSolution
		HideSolutionNode = FALSE
	EndGlobalSection
	GlobalSection(ExtensibilityGlobals) = postSolution
		SolutionGuid = {6978CA84-B3FB-4FFC-A177-7A05CB61A9E4}
	EndGlobalSection
EndGlobal
